
Microsoft Visual Studio Solution File, Format Version 12.00
# Visual Studio Version 16
VisualStudioVersion = 16.0.30907.101
MinimumVisualStudioVersion = 10.0.40219.1
Project("{9A19103F-16F7-4668-BE54-9A1E7A4F7556}") = "401d12-lab03", "401d12-lab03\401d12-lab03.csproj", "{061309E3-B605-4F28-84D6-7DA21C1EE2FC}"
EndProject
Project("{FAE04EC0-301F-11D3-BF4B-00C04F79EFBC}") = "lab03-test", "lab03-test\lab03-test.csproj", "{6820464C-A360-444F-BF72-178AC7260D5A}"
EndProject
Global
	GlobalSection(SolutionConfigurationPlatforms) = preSolution
		Debug|Any CPU = Debug|Any CPU
		Release|Any CPU = Release|Any CPU
	EndGlobalSection
	GlobalSection(ProjectConfigurationPlatforms) = postSolution
		{061309E3-B605-4F28-84D6-7DA21C1EE2FC}.Debug|Any CPU.ActiveCfg = Debug|Any CPU
		{061309E3-B605-4F28-84D6-7DA21C1EE2FC}.Debug|Any CPU.Build.0 = Debug|Any CPU
		{061309E3-B605-4F28-84D6-7DA21C1EE2FC}.Release|Any CPU.ActiveCfg = Release|Any CPU
		{061309E3-B605-4F28-84D6-7DA21C1EE2FC}.Release|Any CPU.Build.0 = Release|Any CPU
		{6820464C-A360-444F-BF72-178AC7260D5A}.Debug|Any CPU.ActiveCfg = Debug|Any CPU
		{6820464C-A360-444F-BF72-178AC7260D5A}.Debug|Any CPU.Build.0 = Debug|Any CPU
		{6820464C-A360-444F-BF72-178AC7260D5A}.Release|Any CPU.ActiveCfg = Release|Any CPU
		{6820464C-A360-444F-BF72-178AC7260D5A}.Release|Any CPU.Build.0 = Release|Any CPU
	EndGlobalSection
	GlobalSection(SolutionProperties) = preSolution
		HideSolutionNode = FALSE
	EndGlobalSection
	GlobalSection(ExtensibilityGlobals) = postSolution
		SolutionGuid = {7D52BA27-8B83-4695-B0C7-B865204C3370}
	EndGlobalSection
EndGlobal
